
Microsoft Visual Studio Solution File, Format Version 12.00
# Visual Studio Version 17
VisualStudioVersion = 17.14.36414.22 d17.14
MinimumVisualStudioVersion = 10.0.40219.1
Project("{FAE04EC0-301F-11D3-BF4B-00C04F79EFBC}") = "CMCS.PROG6212", "CMCS.PROG6212\CMCS.PROG6212.csproj", "{AA239821-9F7C-4D8E-944E-91016015A416}"
EndProject
Global
	GlobalSection(SolutionConfigurationPlatforms) = preSolution
		Debug|Any CPU = Debug|Any CPU
		Release|Any CPU = Release|Any CPU
	EndGlobalSection
	GlobalSection(ProjectConfigurationPlatforms) = postSolution
		{AA239821-9F7C-4D8E-944E-91016015A416}.Debug|Any CPU.ActiveCfg = Debug|Any CPU
		{AA239821-9F7C-4D8E-944E-91016015A416}.Debug|Any CPU.Build.0 = Debug|Any CPU
		{AA239821-9F7C-4D8E-944E-91016015A416}.Release|Any CPU.ActiveCfg = Release|Any CPU
		{AA239821-9F7C-4D8E-944E-91016015A416}.Release|Any CPU.Build.0 = Release|Any CPU
	EndGlobalSection
	GlobalSection(SolutionProperties) = preSolution
		HideSolutionNode = FALSE
	EndGlobalSection
	GlobalSection(ExtensibilityGlobals) = postSolution
		SolutionGuid = {FCEE7C2A-C100-4E24-9E9A-CFD1742B26A3}
	EndGlobalSection
EndGlobal
